
Microsoft Visual Studio Solution File, Format Version 12.00
Project("{FAE04EC0-301F-11D3-BF4B-00C04F79EFBC}") = "Tutorial05", "Tutorial05\Tutorial05.csproj", "{AF87E247-8929-4C5A-9171-4F2E4232EF18}"
EndProject
Global
	GlobalSection(SolutionConfigurationPlatforms) = preSolution
		Debug|Any CPU = Debug|Any CPU
		Release|Any CPU = Release|Any CPU
	EndGlobalSection
	GlobalSection(ProjectConfigurationPlatforms) = postSolution
		{AF87E247-8929-4C5A-9171-4F2E4232EF18}.Debug|Any CPU.ActiveCfg = Debug|Any CPU
		{AF87E247-8929-4C5A-9171-4F2E4232EF18}.Debug|Any CPU.Build.0 = Debug|Any CPU
		{AF87E247-8929-4C5A-9171-4F2E4232EF18}.Release|Any CPU.ActiveCfg = Release|Any CPU
		{AF87E247-8929-4C5A-9171-4F2E4232EF18}.Release|Any CPU.Build.0 = Release|Any CPU
	EndGlobalSection
EndGlobal
